<?xml version="1.0" encoding="utf-8"?>
<Project ToolsVersion="4.0" xmlns="http://schemas.microsoft.com/developer/msbuild/2003">
  <ItemGroup>
    <Filter Include="Components">
      <UniqueIdentifier>{572a77b0-db68-4ec5-910e-da226b6b28a4}</UniqueIdentifier>
    </Filter>
  </ItemGroup>
  <ItemGroup>
    <ClCompile Include="..\src\Components\MovimientoMando.cpp">
      <Filter>Components</Filter>
    </ClCompile>
    <ClCompile Include="ATodaPastilla.cpp" />
    <ClCompile Include="..\src\Components\Vida.cpp">
      <Filter>Components</Filter>
    </ClCompile>
    <ClCompile Include="..\src\Components\Danio.cpp">
      <Filter>Components</Filter>
    </ClCompile>
  </ItemGroup>
  <ItemGroup>
    <ClInclude Include="..\include\Components\MovimientoMando.h">
      <Filter>Components</Filter>
    </ClInclude>
    <ClInclude Include="..\include\Components\Vida.h">
      <Filter>Components</Filter>
    </ClInclude>
    <ClInclude Include="..\include\Components\Danio.h">
      <Filter>Components</Filter>
    </ClInclude>
  </ItemGroup>
</Project>